
Microsoft Visual Studio Solution File, Format Version 12.00
# Visual Studio 15
VisualStudioVersion = 15.0.27130.2036
MinimumVisualStudioVersion = 10.0.40219.1
Project("{FAE04EC0-301F-11D3-BF4B-00C04F79EFBC}") = "ProyectoConsultaFI", "ProyectoConsultaFI\ProyectoConsultaFI.csproj", "{EDC19CE6-BF3A-465F-A1DD-3A8246921C6F}"
EndProject
Global
	GlobalSection(SolutionConfigurationPlatforms) = preSolution
		Debug|Any CPU = Debug|Any CPU
		Release|Any CPU = Release|Any CPU
	EndGlobalSection
	GlobalSection(ProjectConfigurationPlatforms) = postSolution
		{EDC19CE6-BF3A-465F-A1DD-3A8246921C6F}.Debug|Any CPU.ActiveCfg = Debug|Any CPU
		{EDC19CE6-BF3A-465F-A1DD-3A8246921C6F}.Debug|Any CPU.Build.0 = Debug|Any CPU
		{EDC19CE6-BF3A-465F-A1DD-3A8246921C6F}.Release|Any CPU.ActiveCfg = Release|Any CPU
		{EDC19CE6-BF3A-465F-A1DD-3A8246921C6F}.Release|Any CPU.Build.0 = Release|Any CPU
	EndGlobalSection
	GlobalSection(SolutionProperties) = preSolution
		HideSolutionNode = FALSE
	EndGlobalSection
	GlobalSection(ExtensibilityGlobals) = postSolution
		SolutionGuid = {1D117ECC-DA04-4066-A22B-BED2DBE0524F}
	EndGlobalSection
EndGlobal
